
Microsoft Visual Studio Solution File, Format Version 12.00
# Visual Studio Version 16
VisualStudioVersion = 16.0.30002.166
MinimumVisualStudioVersion = 10.0.40219.1
Project("{2150E333-8FDC-42A3-9474-1A3956D46DE8}") = "Solution Items", "Solution Items", "{CF94A4A3-4985-4F67-9C36-964D12681899}"
	ProjectSection(SolutionItems) = preProject
		.editorconfig = .editorconfig
		README.md = README.md
	EndProjectSection
EndProject
Project("{9A19103F-16F7-4668-BE54-9A1E7A4F7556}") = "PrioritySchedulingTools", "src\PrioritySchedulingTools\PrioritySchedulingTools.csproj", "{5FEE43A9-E514-43C0-AE14-0B6A0E07070E}"
EndProject
Project("{9A19103F-16F7-4668-BE54-9A1E7A4F7556}") = "PrioritySchedulingTools.Example", "src\PrioritySchedulingTools.Example\PrioritySchedulingTools.Example.csproj", "{7F07AAFF-CF9F-4228-82FC-C280B0591E3F}"
EndProject
Project("{9A19103F-16F7-4668-BE54-9A1E7A4F7556}") = "PrioritySchedulingTools.Benchmark", "src\PrioritySchedulingTools.Benchmark\PrioritySchedulingTools.Benchmark.csproj", "{364820CA-BC16-4D5C-8AEB-319DE3365B09}"
EndProject
Project("{9A19103F-16F7-4668-BE54-9A1E7A4F7556}") = "PrioritySchedulingTools.Tests", "src\PrioritySchedulingTools.Tests\PrioritySchedulingTools.Tests.csproj", "{53134C7A-D4BF-4820-934F-D725618250A0}"
EndProject
Global
	GlobalSection(SolutionConfigurationPlatforms) = preSolution
		Debug|Any CPU = Debug|Any CPU
		Release|Any CPU = Release|Any CPU
	EndGlobalSection
	GlobalSection(ProjectConfigurationPlatforms) = postSolution
		{5FEE43A9-E514-43C0-AE14-0B6A0E07070E}.Debug|Any CPU.ActiveCfg = Debug|Any CPU
		{5FEE43A9-E514-43C0-AE14-0B6A0E07070E}.Debug|Any CPU.Build.0 = Debug|Any CPU
		{5FEE43A9-E514-43C0-AE14-0B6A0E07070E}.Release|Any CPU.ActiveCfg = Release|Any CPU
		{5FEE43A9-E514-43C0-AE14-0B6A0E07070E}.Release|Any CPU.Build.0 = Release|Any CPU
		{7F07AAFF-CF9F-4228-82FC-C280B0591E3F}.Debug|Any CPU.ActiveCfg = Debug|Any CPU
		{7F07AAFF-CF9F-4228-82FC-C280B0591E3F}.Debug|Any CPU.Build.0 = Debug|Any CPU
		{7F07AAFF-CF9F-4228-82FC-C280B0591E3F}.Release|Any CPU.ActiveCfg = Release|Any CPU
		{7F07AAFF-CF9F-4228-82FC-C280B0591E3F}.Release|Any CPU.Build.0 = Release|Any CPU
		{364820CA-BC16-4D5C-8AEB-319DE3365B09}.Debug|Any CPU.ActiveCfg = Debug|Any CPU
		{364820CA-BC16-4D5C-8AEB-319DE3365B09}.Debug|Any CPU.Build.0 = Debug|Any CPU
		{364820CA-BC16-4D5C-8AEB-319DE3365B09}.Release|Any CPU.ActiveCfg = Release|Any CPU
		{364820CA-BC16-4D5C-8AEB-319DE3365B09}.Release|Any CPU.Build.0 = Release|Any CPU
		{53134C7A-D4BF-4820-934F-D725618250A0}.Debug|Any CPU.ActiveCfg = Debug|Any CPU
		{53134C7A-D4BF-4820-934F-D725618250A0}.Debug|Any CPU.Build.0 = Debug|Any CPU
		{53134C7A-D4BF-4820-934F-D725618250A0}.Release|Any CPU.ActiveCfg = Release|Any CPU
		{53134C7A-D4BF-4820-934F-D725618250A0}.Release|Any CPU.Build.0 = Release|Any CPU
	EndGlobalSection
	GlobalSection(SolutionProperties) = preSolution
		HideSolutionNode = FALSE
	EndGlobalSection
	GlobalSection(ExtensibilityGlobals) = postSolution
		SolutionGuid = {8C2AAAB5-4AA0-4687-8416-46B8C490BC74}
	EndGlobalSection
EndGlobal
